// !$*UTF8*$!
{
	archiveVersion = 1;
	classes = {
	};
	objectVersion = 46;
	objects = {

/* Begin PBXBuildFile section */
		AA768A6D1C5A6A7D007CB618 /* AppDelegate.swift in Sources */ = {isa = PBXBuildFile; fileRef = AA768A6C1C5A6A7D007CB618 /* AppDelegate.swift */; };
		AA768A6F1C5A6A7D007CB618 /* ViewController.swift in Sources */ = {isa = PBXBuildFile; fileRef = AA768A6E1C5A6A7D007CB618 /* ViewController.swift */; };
		AA768A721C5A6A7D007CB618 /* Main.storyboard in Resources */ = {isa = PBXBuildFile; fileRef = AA768A701C5A6A7D007CB618 /* Main.storyboard */; };
		AA768A751C5A6A7D007CB618 /* superDBpractice1.xcdatamodeld in Sources */ = {isa = PBXBuildFile; fileRef = AA768A731C5A6A7D007CB618 /* superDBpractice1.xcdatamodeld */; };
		AA768A771C5A6A7D007CB618 /* Assets.xcassets in Resources */ = {isa = PBXBuildFile; fileRef = AA768A761C5A6A7D007CB618 /* Assets.xcassets */; };
		AA768A7A1C5A6A7D007CB618 /* LaunchScreen.storyboard in Resources */ = {isa = PBXBuildFile; fileRef = AA768A781C5A6A7D007CB618 /* LaunchScreen.storyboard */; };
		AA768A851C5A6A7D007CB618 /* superDBpractice1Tests.swift in Sources */ = {isa = PBXBuildFile; fileRef = AA768A841C5A6A7D007CB618 /* superDBpractice1Tests.swift */; };
		AA768A901C5A6A7D007CB618 /* superDBpractice1UITests.swift in Sources */ = {isa = PBXBuildFile; fileRef = AA768A8F1C5A6A7D007CB618 /* superDBpractice1UITests.swift */; };
/* End PBXBuildFile section */

/* Begin PBXContainerItemProxy section */
		AA768A811C5A6A7D007CB618 /* PBXContainerItemProxy */ = {
			isa = PBXContainerItemProxy;
			containerPortal = AA768A611C5A6A7D007CB618 /* Project object */;
			proxyType = 1;
			remoteGlobalIDString = AA768A681C5A6A7D007CB618;
			remoteInfo = superDBpractice1;
		};
		AA768A8C1C5A6A7D007CB618 /* PBXContainerItemProxy */ = {
			isa = PBXContainerItemProxy;
			containerPortal = AA768A611C5A6A7D007CB618 /* Project object */;
			proxyType = 1;
			remoteGlobalIDString = AA768A681C5A6A7D007CB618;
			remoteInfo = superDBpractice1;
		};
/* End PBXContainerItemProxy section */

/* Begin PBXFileReference section */
		AA768A691C5A6A7D007CB618 /* superDBpractice1.app */ = {isa = PBXFileReference; explicitFileType = wrapper.application; includeInIndex = 0; path = superDBpractice1.app; sourceTree = BUILT_PRODUCTS_DIR; };
		AA768A6C1C5A6A7D007CB618 /* AppDelegate.swift */ = {isa = PBXFileReference; lastKnownFileType = sourcecode.swift; path = AppDelegate.swift; sourceTree = "<group>"; };
		AA768A6E1C5A6A7D007CB618 /* ViewController.swift */ = {isa = PBXFileReference; lastKnownFileType = sourcecode.swift; path = ViewController.swift; sourceTree = "<group>"; };
		AA768A711C5A6A7D007CB618 /* Base */ = {isa = PBXFileReference; lastKnownFileType = file.storyboard; name = Base; path = Base.lproj/Main.storyboard; sourceTree = "<group>"; };
		AA768A741C5A6A7D007CB618 /* superDBpractice1.xcdatamodel */ = {isa = PBXFileReference; lastKnownFileType = wrapper.xcdatamodel; path = superDBpractice1.xcdatamodel; sourceTree = "<group>"; };
		AA768A761C5A6A7D007CB618 /* Assets.xcassets */ = {isa = PBXFileReference; lastKnownFileType = folder.assetcatalog; path = Assets.xcassets; sourceTree = "<group>"; };
		AA768A791C5A6A7D007CB618 /* Base */ = {isa = PBXFileReference; lastKnownFileType = file.storyboard; name = Base; path = Base.lproj/LaunchScreen.storyboard; sourceTree = "<group>"; };
		AA768A7B1C5A6A7D007CB618 /* Info.plist */ = {isa = PBXFileReference; lastKnownFileType = text.plist.xml; path = Info.plist; sourceTree = "<group>"; };
		AA768A801C5A6A7D007CB618 /* superDBpractice1Tests.xctest */ = {isa = PBXFileReference; explicitFileType = wrapper.cfbundle; includeInIndex = 0; path = superDBpractice1Tests.xctest; sourceTree = BUILT_PRODUCTS_DIR; };
		AA768A841C5A6A7D007CB618 /* superDBpractice1Tests.swift */ = {isa = PBXFileReference; lastKnownFileType = sourcecode.swift; path = superDBpractice1Tests.swift; sourceTree = "<group>"; };
		AA768A861C5A6A7D007CB618 /* Info.plist */ = {isa = PBXFileReference; lastKnownFileType = text.plist.xml; path = Info.plist; sourceTree = "<group>"; };
		AA768A8B1C5A6A7D007CB618 /* superDBpractice1UITests.xctest */ = {isa = PBXFileReference; explicitFileType = wrapper.cfbundle; includeInIndex = 0; path = superDBpractice1UITests.xctest; sourceTree = BUILT_PRODUCTS_DIR; };
		AA768A8F1C5A6A7D007CB618 /* superDBpractice1UITests.swift */ = {isa = PBXFileReference; lastKnownFileType = sourcecode.swift; path = superDBpractice1UITests.swift; sourceTree = "<group>"; };
		AA768A911C5A6A7D007CB618 /* Info.plist */ = {isa = PBXFileReference; lastKnownFileType = text.plist.xml; path = Info.plist; sourceTree = "<group>"; };
/* End PBXFileReference section */

/* Begin PBXFrameworksBuildPhase section */
		AA768A661C5A6A7D007CB618 /* Frameworks */ = {
			isa = PBXFrameworksBuildPhase;
			buildActionMask = 2147483647;
			files = (
			);
			runOnlyForDeploymentPostprocessing = 0;
		};
		AA768A7D1C5A6A7D007CB618 /* Frameworks */ = {
			isa = PBXFrameworksBuildPhase;
			buildActionMask = 2147483647;
			files = (
			);
			runOnlyForDeploymentPostprocessing = 0;
		};
		AA768A881C5A6A7D007CB618 /* Frameworks */ = {
			isa = PBXFrameworksBuildPhase;
			buildActionMask = 2147483647;
			files = (
			);
			runOnlyForDeploymentPostprocessing = 0;
		};
/* End PBXFrameworksBuildPhase section */

/* Begin PBXGroup section */
		AA768A601C5A6A7D007CB618 = {
			isa = PBXGroup;
			children = (
				AA768A6B1C5A6A7D007CB618 /* superDBpractice1 */,
				AA768A831C5A6A7D007CB618 /* superDBpractice1Tests */,
				AA768A8E1C5A6A7D007CB618 /* superDBpractice1UITests */,
				AA768A6A1C5A6A7D007CB618 /* Products */,
			);
			sourceTree = "<group>";
		};
		AA768A6A1C5A6A7D007CB618 /* Products */ = {
			isa = PBXGroup;
			children = (
				AA768A691C5A6A7D007CB618 /* superDBpractice1.app */,
				AA768A801C5A6A7D007CB618 /* superDBpractice1Tests.xctest */,
				AA768A8B1C5A6A7D007CB618 /* superDBpractice1UITests.xctest */,
			);
			name = Products;
			sourceTree = "<group>";
		};
		AA768A6B1C5A6A7D007CB618 /* superDBpractice1 */ = {
			isa = PBXGroup;
			children = (
				AA768A6C1C5A6A7D007CB618 /* AppDelegate.swift */,
				AA768A6E1C5A6A7D007CB618 /* ViewController.swift */,
				AA768A701C5A6A7D007CB618 /* Main.storyboard */,
				AA768A761C5A6A7D007CB618 /* Assets.xcassets */,
				AA768A781C5A6A7D007CB618 /* LaunchScreen.storyboard */,
				AA768A7B1C5A6A7D007CB618 /* Info.plist */,
				AA768A731C5A6A7D007CB618 /* superDBpractice1.xcdatamodeld */,
			);
			path = superDBpractice1;
			sourceTree = "<group>";
		};
		AA768A831C5A6A7D007CB618 /* superDBpractice1Tests */ = {
			isa = PBXGroup;
			children = (
				AA768A841C5A6A7D007CB618 /* superDBpractice1Tests.swift */,
				AA768A861C5A6A7D007CB618 /* Info.plist */,
			);
			path = superDBpractice1Tests;
			sourceTree = "<group>";
		};
		AA768A8E1C5A6A7D007CB618 /* superDBpractice1UITests */ = {
			isa = PBXGroup;
			children = (
				AA768A8F1C5A6A7D007CB618 /* superDBpractice1UITests.swift */,
				AA768A911C5A6A7D007CB618 /* Info.plist */,
			);
			path = superDBpractice1UITests;
			sourceTree = "<group>";
		};
/* End PBXGroup section */

/* Begin PBXNativeTarget section */
		AA768A681C5A6A7D007CB618 /* superDBpractice1 */ = {
			isa = PBXNativeTarget;
			buildConfigurationList = AA768A941C5A6A7D007CB618 /* Build configuration list for PBXNativeTarget "superDBpractice1" */;
			buildPhases = (
				AA768A651C5A6A7D007CB618 /* Sources */,
				AA768A661C5A6A7D007CB618 /* Frameworks */,
				AA768A671C5A6A7D007CB618 /* Resources */,
			);
			buildRules = (
			);
			dependencies = (
			);
			name = superDBpractice1;
			productName = superDBpractice1;
			productReference = AA768A691C5A6A7D007CB618 /* superDBpractice1.app */;
			productType = "com.apple.product-type.application";
		};
		AA768A7F1C5A6A7D007CB618 /* superDBpractice1Tests */ = {
			isa = PBXNativeTarget;
			buildConfigurationList = AA768A971C5A6A7D007CB618 /* Build configuration list for PBXNativeTarget "superDBpractice1Tests" */;
			buildPhases = (
				AA768A7C1C5A6A7D007CB618 /* Sources */,
				AA768A7D1C5A6A7D007CB618 /* Frameworks */,
				AA768A7E1C5A6A7D007CB618 /* Resources */,
			);
			buildRules = (
			);
			dependencies = (
				AA768A821C5A6A7D007CB618 /* PBXTargetDependency */,
			);
			name = superDBpractice1Tests;
			productName = superDBpractice1Tests;
			productReference = AA768A801C5A6A7D007CB618 /* superDBpractice1Tests.xctest */;
			productType = "com.apple.product-type.bundle.unit-test";
		};
		AA768A8A1C5A6A7D007CB618 /* superDBpractice1UITests */ = {
			isa = PBXNativeTarget;
			buildConfigurationList = AA768A9A1C5A6A7D007CB618 /* Build configuration list for PBXNativeTarget "superDBpractice1UITests" */;
			buildPhases = (
				AA768A871C5A6A7D007CB618 /* Sources */,
				AA768A881C5A6A7D007CB618 /* Frameworks */,
				AA768A891C5A6A7D007CB618 /* Resources */,
			);
			buildRules = (
			);
			dependencies = (
				AA768A8D1C5A6A7D007CB618 /* PBXTargetDependency */,
			);
			name = superDBpractice1UITests;
			productName = superDBpractice1UITests;
			productReference = AA768A8B1C5A6A7D007CB618 /* superDBpractice1UITests.xctest */;
			productType = "com.apple.product-type.bundle.ui-testing";
		};
/* End PBXNativeTarget section */

/* Begin PBXProject section */
		AA768A611C5A6A7D007CB618 /* Project object */ = {
			isa = PBXProject;
			attributes = {
				LastSwiftUpdateCheck = 0720;
				LastUpgradeCheck = 0720;
				ORGANIZATIONNAME = "Yu Ma";
				TargetAttributes = {
					AA768A681C5A6A7D007CB618 = {
						CreatedOnToolsVersion = 7.2;
					};
					AA768A7F1C5A6A7D007CB618 = {
						CreatedOnToolsVersion = 7.2;
						TestTargetID = AA768A681C5A6A7D007CB618;
					};
					AA768A8A1C5A6A7D007CB618 = {
						CreatedOnToolsVersion = 7.2;
						TestTargetID = AA768A681C5A6A7D007CB618;
					};
				};
			};
			buildConfigurationList = AA768A641C5A6A7D007CB618 /* Build configuration list for PBXProject "superDBpractice1" */;
			compatibilityVersion = "Xcode 3.2";
			developmentRegion = English;
			hasScannedForEncodings = 0;
			knownRegions = (
				en,
				Base,
			);
			mainGroup = AA768A601C5A6A7D007CB618;
			productRefGroup = AA768A6A1C5A6A7D007CB618 /* Products */;
			projectDirPath = "";
			projectRoot = "";
			targets = (
				AA768A681C5A6A7D007CB618 /* superDBpractice1 */,
				AA768A7F1C5A6A7D007CB618 /* superDBpractice1Tests */,
				AA768A8A1C5A6A7D007CB618 /* superDBpractice1UITests */,
			);
		};
/* End PBXProject section */

/* Begin PBXResourcesBuildPhase section */
		AA768A671C5A6A7D007CB618 /* Resources */ = {
			isa = PBXResourcesBuildPhase;
			buildActionMask = 2147483647;
			files = (
				AA768A7A1C5A6A7D007CB618 /* LaunchScreen.storyboard in Resources */,
				AA768A771C5A6A7D007CB618 /* Assets.xcassets in Resources */,
				AA768A721C5A6A7D007CB618 /* Main.storyboard in Resources */,
			);
			runOnlyForDeploymentPostprocessing = 0;
		};
		AA768A7E1C5A6A7D007CB618 /* Resources */ = {
			isa = PBXResourcesBuildPhase;
			buildActionMask = 2147483647;
			files = (
			);
			runOnlyForDeploymentPostprocessing = 0;
		};
		AA768A891C5A6A7D007CB618 /* Resources */ = {
			isa = PBXResourcesBuildPhase;
			buildActionMask = 2147483647;
			files = (
			);
			runOnlyForDeploymentPostprocessing = 0;
		};
/* End PBXResourcesBuildPhase section */

/* Begin PBXSourcesBuildPhase section */
		AA768A651C5A6A7D007CB618 /* Sources */ = {
			isa = PBXSourcesBuildPhase;
			buildActionMask = 2147483647;
			files = (
				AA768A751C5A6A7D007CB618 /* superDBpractice1.xcdatamodeld in Sources */,
				AA768A6F1C5A6A7D007CB618 /* ViewController.swift in Sources */,
				AA768A6D1C5A6A7D007CB618 /* AppDelegate.swift in Sources */,
			);
			runOnlyForDeploymentPostprocessing = 0;
		};
		AA768A7C1C5A6A7D007CB618 /* Sources */ = {
			isa = PBXSourcesBuildPhase;
			buildActionMask = 2147483647;
			files = (
				AA768A851C5A6A7D007CB618 /* superDBpractice1Tests.swift in Sources */,
			);
			runOnlyForDeploymentPostprocessing = 0;
		};
		AA768A871C5A6A7D007CB618 /* Sources */ = {
			isa = PBXSourcesBuildPhase;
			buildActionMask = 2147483647;
			files = (
				AA768A901C5A6A7D007CB618 /* superDBpractice1UITests.swift in Sources */,
			);
			runOnlyForDeploymentPostprocessing = 0;
		};
/* End PBXSourcesBuildPhase section */

/* Begin PBXTargetDependency section */
		AA768A821C5A6A7D007CB618 /* PBXTargetDependency */ = {
			isa = PBXTargetDependency;
			target = AA768A681C5A6A7D007CB618 /* superDBpractice1 */;
			targetProxy = AA768A811C5A6A7D007CB618 /* PBXContainerItemProxy */;
		};
		AA768A8D1C5A6A7D007CB618 /* PBXTargetDependency */ = {
			isa = PBXTargetDependency;
			target = AA768A681C5A6A7D007CB618 /* superDBpractice1 */;
			targetProxy = AA768A8C1C5A6A7D007CB618 /* PBXContainerItemProxy */;
		};
/* End PBXTargetDependency section */

/* Begin PBXVariantGroup section */
		AA768A701C5A6A7D007CB618 /* Main.storyboard */ = {
			isa = PBXVariantGroup;
			children = (
				AA768A711C5A6A7D007CB618 /* Base */,
			);
			name = Main.storyboard;
			sourceTree = "<group>";
		};
		AA768A781C5A6A7D007CB618 /* LaunchScreen.storyboard */ = {
			isa = PBXVariantGroup;
			children = (
				AA768A791C5A6A7D007CB618 /* Base */,
			);
			name = LaunchScreen.storyboard;
			sourceTree = "<group>";
		};
/* End PBXVariantGroup section */

/* Begin XCBuildConfiguration section */
		AA768A921C5A6A7D007CB618 /* Debug */ = {
			isa = XCBuildConfiguration;
			buildSettings = {
				ALWAYS_SEARCH_USER_PATHS = NO;
				CLANG_CXX_LANGUAGE_STANDARD = "gnu++0x";
				CLANG_CXX_LIBRARY = "libc++";
				CLANG_ENABLE_MODULES = YES;
				CLANG_ENABLE_OBJC_ARC = YES;
				CLANG_WARN_BOOL_CONVERSION = YES;
				CLANG_WARN_CONSTANT_CONVERSION = YES;
				CLANG_WARN_DIRECT_OBJC_ISA_USAGE = YES_ERROR;
				CLANG_WARN_EMPTY_BODY = YES;
				CLANG_WARN_ENUM_CONVERSION = YES;
				CLANG_WARN_INT_CONVERSION = YES;
				CLANG_WARN_OBJC_ROOT_CLASS = YES_ERROR;
				CLANG_WARN_UNREACHABLE_CODE = YES;
				CLANG_WARN__DUPLICATE_METHOD_MATCH = YES;
				"CODE_SIGN_IDENTITY[sdk=iphoneos*]" = "iPhone Developer";
				COPY_PHASE_STRIP = NO;
				DEBUG_INFORMATION_FORMAT = dwarf;
				ENABLE_STRICT_OBJC_MSGSEND = YES;
				ENABLE_TESTABILITY = YES;
				GCC_C_LANGUAGE_STANDARD = gnu99;
				GCC_DYNAMIC_NO_PIC = NO;
				GCC_NO_COMMON_BLOCKS = YES;
				GCC_OPTIMIZATION_LEVEL = 0;
				GCC_PREPROCESSOR_DEFINITIONS = (
					"DEBUG=1",
					"$(inherited)",
				);
				GCC_WARN_64_TO_32_BIT_CONVERSION = YES;
				GCC_WARN_ABOUT_RETURN_TYPE = YES_ERROR;
				GCC_WARN_UNDECLARED_SELECTOR = YES;
				GCC_WARN_UNINITIALIZED_AUTOS = YES_AGGRESSIVE;
				GCC_WARN_UNUSED_FUNCTION = YES;
				GCC_WARN_UNUSED_VARIABLE = YES;
				IPHONEOS_DEPLOYMENT_TARGET = 9.2;
				MTL_ENABLE_DEBUG_INFO = YES;
				ONLY_ACTIVE_ARCH = YES;
				SDKROOT = iphoneos;
				SWIFT_OPTIMIZATION_LEVEL = "-Onone";
			};
			name = Debug;
		};
		AA768A931C5A6A7D007CB618 /* Release */ = {
			isa = XCBuildConfiguration;
			buildSettings = {
				ALWAYS_SEARCH_USER_PATHS = NO;
				CLANG_CXX_LANGUAGE_STANDARD = "gnu++0x";
				CLANG_CXX_LIBRARY = "libc++";
				CLANG_ENABLE_MODULES = YES;
				CLANG_ENABLE_OBJC_ARC = YES;
				CLANG_WARN_BOOL_CONVERSION = YES;
				CLANG_WARN_CONSTANT_CONVERSION = YES;
				CLANG_WARN_DIRECT_OBJC_ISA_USAGE = YES_ERROR;
				CLANG_WARN_EMPTY_BODY = YES;
				CLANG_WARN_ENUM_CONVERSION = YES;
				CLANG_WARN_INT_CONVERSION = YES;
				CLANG_WARN_OBJC_ROOT_CLASS = YES_ERROR;
				CLANG_WARN_UNREACHABLE_CODE = YES;
				CLANG_WARN__DUPLICATE_METHOD_MATCH = YES;
				"CODE_SIGN_IDENTITY[sdk=iphoneos*]" = "iPhone Developer";
				COPY_PHASE_STRIP = NO;
				DEBUG_INFORMATION_FORMAT = "dwarf-with-dsym";
				ENABLE_NS_ASSERTIONS = NO;
				ENABLE_STRICT_OBJC_MSGSEND = YES;
				GCC_C_LANGUAGE_STANDARD = gnu99;
				GCC_NO_COMMON_BLOCKS = YES;
				GCC_WARN_64_TO_32_BIT_CONVERSION = YES;
				GCC_WARN_ABOUT_RETURN_TYPE = YES_ERROR;
				GCC_WARN_UNDECLARED_SELECTOR = YES;
				GCC_WARN_UNINITIALIZED_AUTOS = YES_AGGRESSIVE;
				GCC_WARN_UNUSED_FUNCTION = YES;
				GCC_WARN_UNUSED_VARIABLE = YES;
				IPHONEOS_DEPLOYMENT_TARGET = 9.2;
				MTL_ENABLE_DEBUG_INFO = NO;
				SDKROOT = iphoneos;
				VALIDATE_PRODUCT = YES;
			};
			name = Release;
		};
		AA768A951C5A6A7D007CB618 /* Debug */ = {
			isa = XCBuildConfiguration;
			buildSettings = {
				ASSETCATALOG_COMPILER_APPICON_NAME = AppIcon;
				INFOPLIST_FILE = superDBpractice1/Info.plist;
				LD_RUNPATH_SEARCH_PATHS = "$(inherited) @executable_path/Frameworks";
				PRODUCT_BUNDLE_IDENTIFIER = "-.superDBpractice1";
				PRODUCT_NAME = "$(TARGET_NAME)";
			};
			name = Debug;
		};
		AA768A961C5A6A7D007CB618 /* Release */ = {
			isa = XCBuildConfiguration;
			buildSettings = {
				ASSETCATALOG_COMPILER_APPICON_NAME = AppIcon;
				INFOPLIST_FILE = superDBpractice1/Info.plist;
				LD_RUNPATH_SEARCH_PATHS = "$(inherited) @executable_path/Frameworks";
				PRODUCT_BUNDLE_IDENTIFIER = "-.superDBpractice1";
				PRODUCT_NAME = "$(TARGET_NAME)";
			};
			name = Release;
		};
		AA768A981C5A6A7D007CB618 /* Debug */ = {
			isa = XCBuildConfiguration;
			buildSettings = {
				BUNDLE_LOADER = "$(TEST_HOST)";
				INFOPLIST_FILE = superDBpractice1Tests/Info.plist;
				LD_RUNPATH_SEARCH_PATHS = "$(inherited) @executable_path/Frameworks @loader_path/Frameworks";
				PRODUCT_BUNDLE_IDENTIFIER = "-.superDBpractice1Tests";
				PRODUCT_NAME = "$(TARGET_NAME)";
				TEST_HOST = "$(BUILT_PRODUCTS_DIR)/superDBpractice1.app/superDBpractice1";
			};
			name = Debug;
		};
		AA768A991C5A6A7D007CB618 /* Release */ = {
			isa = XCBuildConfiguration;
			buildSettings = {
				BUNDLE_LOADER = "$(TEST_HOST)";
				INFOPLIST_FILE = superDBpractice1Tests/Info.plist;
				LD_RUNPATH_SEARCH_PATHS = "$(inherited) @executable_path/Frameworks @loader_path/Frameworks";
				PRODUCT_BUNDLE_IDENTIFIER = "-.superDBpractice1Tests";
				PRODUCT_NAME = "$(TARGET_NAME)";
				TEST_HOST = "$(BUILT_PRODUCTS_DIR)/superDBpractice1.app/superDBpractice1";
			};
			name = Release;
		};
		AA768A9B1C5A6A7D007CB618 /* Debug */ = {
			isa = XCBuildConfiguration;
			buildSettings = {
				INFOPLIST_FILE = superDBpractice1UITests/Info.plist;
				LD_RUNPATH_SEARCH_PATHS = "$(inherited) @executable_path/Frameworks @loader_path/Frameworks";
				PRODUCT_BUNDLE_IDENTIFIER = "-.superDBpractice1UITests";
				PRODUCT_NAME = "$(TARGET_NAME)";
				TEST_TARGET_NAME = superDBpractice1;
				USES_XCTRUNNER = YES;
			};
			name = Debug;
		};
		AA768A9C1C5A6A7D007CB618 /* Release */ = {
			isa = XCBuildConfiguration;
			buildSettings = {
				INFOPLIST_FILE = superDBpractice1UITests/Info.plist;
				LD_RUNPATH_SEARCH_PATHS = "$(inherited) @executable_path/Frameworks @loader_path/Frameworks";
				PRODUCT_BUNDLE_IDENTIFIER = "-.superDBpractice1UITests";
				PRODUCT_NAME = "$(TARGET_NAME)";
				TEST_TARGET_NAME = superDBpractice1;
				USES_XCTRUNNER = YES;
			};
			name = Release;
		};
/* End XCBuildConfiguration section */

/* Begin XCConfigurationList section */
		AA768A641C5A6A7D007CB618 /* Build configuration list for PBXProject "superDBpractice1" */ = {
			isa = XCConfigurationList;
			buildConfigurations = (
				AA768A921C5A6A7D007CB618 /* Debug */,
				AA768A931C5A6A7D007CB618 /* Release */,
			);
			defaultConfigurationIsVisible = 0;
			defaultConfigurationName = Release;
		};
		AA768A941C5A6A7D007CB618 /* Build configuration list for PBXNativeTarget "superDBpractice1" */ = {
			isa = XCConfigurationList;
			buildConfigurations = (
				AA768A951C5A6A7D007CB618 /* Debug */,
				AA768A961C5A6A7D007CB618 /* Release */,
			);
			defaultConfigurationIsVisible = 0;
		};
		AA768A971C5A6A7D007CB618 /* Build configuration list for PBXNativeTarget "superDBpractice1Tests" */ = {
			isa = XCConfigurationList;
			buildConfigurations = (
				AA768A981C5A6A7D007CB618 /* Debug */,
				AA768A991C5A6A7D007CB618 /* Release */,
			);
			defaultConfigurationIsVisible = 0;
		};
		AA768A9A1C5A6A7D007CB618 /* Build configuration list for PBXNativeTarget "superDBpractice1UITests" */ = {
			isa = XCConfigurationList;
			buildConfigurations = (
				AA768A9B1C5A6A7D007CB618 /* Debug */,
				AA768A9C1C5A6A7D007CB618 /* Release */,
			);
			defaultConfigurationIsVisible = 0;
		};
/* End XCConfigurationList section */

/* Begin XCVersionGroup section */
		AA768A731C5A6A7D007CB618 /* superDBpractice1.xcdatamodeld */ = {
			isa = XCVersionGroup;
			children = (
				AA768A741C5A6A7D007CB618 /* superDBpractice1.xcdatamodel */,
			);
			currentVersion = AA768A741C5A6A7D007CB618 /* superDBpractice1.xcdatamodel */;
			path = superDBpractice1.xcdatamodeld;
			sourceTree = "<group>";
			versionGroupType = wrapper.xcdatamodel;
		};
/* End XCVersionGroup section */
	};
	rootObject = AA768A611C5A6A7D007CB618 /* Project object */;
}
